PODS:
  - CocoaLumberjack (1.8.1):
    - CocoaLumberjack/Extensions
  - CocoaLumberjack/Core (1.8.1)
  - CocoaLumberjack/Extensions (1.8.1):
    - CocoaLumberjack/Core
  - MYSRuntime (0.0.2)
  - RegexKitLite (4.0)

DEPENDENCIES:
  - CocoaLumberjack
  - MYSRuntime (from `https://github.com/erikmuttersbach/MYSRuntime.git`)
  - RegexKitLite (~> 4.0)

EXTERNAL SOURCES:
  MYSRuntime:
    :git: https://github.com/erikmuttersbach/MYSRuntime.git

SPEC CHECKSUMS:
  CocoaLumberjack: 020378ec400d658923bf5887178394f65f052c90
  MYSRuntime: 54beb28afb12699cb549b89d5c6ab7e21425310f
  RegexKitLite: f7af7b4d2b675cd2ec9a4abab6aad6ae1f6499c0

COCOAPODS: 0.29.0
