PODS:
  - CocoaLumberjack (1.8.1):
    - CocoaLumberjack/Extensions
  - CocoaLumberjack/Core (1.8.1)
  - CocoaLumberjack/Extensions (1.8.1):
    - CocoaLumberjack/Core
  - MYSRuntime (0.0.2)
  - RegexKitLite (4.0)

DEPENDENCIES:
  - CocoaLumberjack
  - MYSRuntime (from `https://github.com/erikmuttersbach/MYSRuntime.git`)
  - RegexKitLite (from `RegexKitLite.podspec`)

EXTERNAL SOURCES:
  MYSRuntime:
    :git: https://github.com/erikmuttersbach/MYSRuntime.git
  RegexKitLite:
    :path: RegexKitLite.podspec

SPEC CHECKSUMS:
  CocoaLumberjack: 020378ec400d658923bf5887178394f65f052c90
  MYSRuntime: 54beb28afb12699cb549b89d5c6ab7e21425310f
  RegexKitLite: ccdc7c7feccc0b7aae7f1072c6a068884c0e292d

COCOAPODS: 0.32.1
